{
  "name": "campus-equipment-lending-exchange",
  "version": "1.0.0",
  "lockfileVersion": 3,
  "requires": true,
  "packages": {
    "": {
      "name": "campus-equipment-lending-exchange",
      "version": "1.0.0",
      "license": "MIT",
      "dependencies": {
        "bcryptjs": "^2.4.3",
        "body-parser": "^1.20.2",
        "cookie-parser": "^1.4.6",
        "dotenv": "^16.4.5",
        "ejs": "^3.1.10",
        "express": "^4.19.2",
        "express-session": "^1.18.0"
      },
      "devDependencies": {},
      "engines": {
        "node": "24.x"
      }
    },
    "node_modules/bcryptjs": {
      "version": "2.4.3",
      "resolved": "https://registry.npmjs.org/bcryptjs/-/bcryptjs-2.4.3.tgz",
      "license": "MIT"
    },
    "node_modules/cookie-parser": {
      "version": "1.4.6",
      "resolved": "https://registry.npmjs.org/cookie-parser/-/cookie-parser-1.4.6.tgz",
      "license": "MIT"
    },
    "node_modules/dotenv": {
      "version": "16.4.5",
      "resolved": "https://registry.npmjs.org/dotenv/-/dotenv-16.4.5.tgz",
      "license": "MIT"
    },
    "node_modules/ejs": {
      "version": "3.1.10",
      "resolved": "https://registry.npmjs.org/ejs/-/ejs-3.1.10.tgz",
      "license": "MIT"
    },
    "node_modules/express": {
      "version": "4.19.2",
      "resolved": "https://registry.npmjs.org/express/-/express-4.19.2.tgz",
      "license": "MIT"
    },
    "node_modules/express-session": {
      "version": "1.18.0",
      "resolved": "https://registry.npmjs.org/express-session/-/express-session-1.18.0.tgz",
      "license": "MIT"
    },
    "node_modules/body-parser": {
      "version": "1.20.2",
      "resolved": "https://registry.npmjs.org/body-parser/-/body-parser-1.20.2.tgz",
      "license": "MIT"
    }
  }
}